
Microsoft Visual Studio Solution File, Format Version 12.00
# Visual Studio 15
VisualStudioVersion = 15.0.28307.757
MinimumVisualStudioVersion = 10.0.40219.1
Project("{888888A0-9F3D-457C-B088-3A5042F75D52}") = "Wordcount", "Wordcount\Wordcount.pyproj", "{88BB69F3-689E-42D0-99BC-54904729B29D}"
EndProject
Global
	GlobalSection(SolutionConfigurationPlatforms) = preSolution
		Debug|Any CPU = Debug|Any CPU
		Release|Any CPU = Release|Any CPU
	EndGlobalSection
	GlobalSection(ProjectConfigurationPlatforms) = postSolution
		{88BB69F3-689E-42D0-99BC-54904729B29D}.Debug|Any CPU.ActiveCfg = Debug|Any CPU
		{88BB69F3-689E-42D0-99BC-54904729B29D}.Release|Any CPU.ActiveCfg = Release|Any CPU
	EndGlobalSection
	GlobalSection(SolutionProperties) = preSolution
		HideSolutionNode = FALSE
	EndGlobalSection
	GlobalSection(ExtensibilityGlobals) = postSolution
		SolutionGuid = {7BF05D45-2EA7-4642-8883-ABE6664FE661}
	EndGlobalSection
EndGlobal
